{
    "_readme": [
        "This file locks the dependencies of your project to a known state",
        "Read more about it at https://getcomposer.org/doc/01-basic-usage.md#installing-dependencies",
        "This file is @generated automatically"
    ],
    "content-hash": "41394d78e12e1114c94eb19023230009",
    "packages": [
        {
            "name": "sycu/task-solver-core",
            "version": "v0.1.7",
            "source": {
                "type": "git",
                "url": "https://github.com/sycu/task-solver-core.git",
                "reference": "6dabcd7a6cfc2b7f8c14a343759ac50c83cab99f"
            },
            "dist": {
                "type": "zip",
                "url": "https://api.github.com/repos/sycu/task-solver-core/zipball/6dabcd7a6cfc2b7f8c14a343759ac50c83cab99f",
                "reference": "6dabcd7a6cfc2b7f8c14a343759ac50c83cab99f",
                "shasum": ""
            },
            "require": {
                "php": ">=8.1"
            },
            "require-dev": {
                "phpunit/phpunit": "^9.5"
            },
            "type": "library",
            "autoload": {
                "psr-4": {
                    "": "src/"
                }
            },
            "notification-url": "https://packagist.org/downloads/",
            "authors": [
                {
                    "name": "Patryk Syc",
                    "email": "patryk@edefine.pl"
                }
            ],
            "description": "PHP Framework for competitive programming",
            "support": {
                "issues": "https://github.com/sycu/task-solver-core/issues",
                "source": "https://github.com/sycu/task-solver-core/tree/v0.1.7"
            },
            "time": "2022-12-23T01:36:13+00:00"
        }
    ],
    "packages-dev": [],
    "aliases": [],
    "minimum-stability": "stable",
    "stability-flags": [],
    "prefer-stable": false,
    "prefer-lowest": false,
    "platform": {
        "php": ">=8.1"
    },
    "platform-dev": [],
    "plugin-api-version": "2.3.0"
}
